
Microsoft Visual Studio Solution File, Format Version 12.00
# Visual Studio Version 16
VisualStudioVersion = 16.0.29424.173
MinimumVisualStudioVersion = 10.0.40219.1
Project("{FAE04EC0-301F-11D3-BF4B-00C04F79EFBC}") = "HW_01", "HW_01\HW_01.csproj", "{04636D6E-6B8B-40C8-9856-419C0FF911D6}"
EndProject
Project("{FAE04EC0-301F-11D3-BF4B-00C04F79EFBC}") = "HW_02", "HW_02\HW_02.csproj", "{BF8D5F5D-1D38-4887-A21C-9BFD045F839C}"
EndProject
Project("{FAE04EC0-301F-11D3-BF4B-00C04F79EFBC}") = "HW_03", "HW_03\HW_03.csproj", "{625422CD-AA36-4952-891F-BB21039036E7}"
EndProject
Project("{FAE04EC0-301F-11D3-BF4B-00C04F79EFBC}") = "HW_04", "HW_04\HW_04.csproj", "{2BDC7EC9-A1B8-4B8C-AE84-ED1E404A6F10}"
EndProject
Project("{FAE04EC0-301F-11D3-BF4B-00C04F79EFBC}") = "HW_05", "HW_05\HW_05.csproj", "{6A385A25-34D7-467B-ABB9-B98C86BEAFCD}"
EndProject
Project("{FAE04EC0-301F-11D3-BF4B-00C04F79EFBC}") = "HW_06", "HW_06\HW_06.csproj", "{959665C7-E8F9-4184-B77F-FB57CAECE26B}"
EndProject
Global
	GlobalSection(SolutionConfigurationPlatforms) = preSolution
		Debug|Any CPU = Debug|Any CPU
		Release|Any CPU = Release|Any CPU
	EndGlobalSection
	GlobalSection(ProjectConfigurationPlatforms) = postSolution
		{04636D6E-6B8B-40C8-9856-419C0FF911D6}.Debug|Any CPU.ActiveCfg = Debug|Any CPU
		{04636D6E-6B8B-40C8-9856-419C0FF911D6}.Debug|Any CPU.Build.0 = Debug|Any CPU
		{04636D6E-6B8B-40C8-9856-419C0FF911D6}.Release|Any CPU.ActiveCfg = Release|Any CPU
		{04636D6E-6B8B-40C8-9856-419C0FF911D6}.Release|Any CPU.Build.0 = Release|Any CPU
		{BF8D5F5D-1D38-4887-A21C-9BFD045F839C}.Debug|Any CPU.ActiveCfg = Debug|Any CPU
		{BF8D5F5D-1D38-4887-A21C-9BFD045F839C}.Debug|Any CPU.Build.0 = Debug|Any CPU
		{BF8D5F5D-1D38-4887-A21C-9BFD045F839C}.Release|Any CPU.ActiveCfg = Release|Any CPU
		{BF8D5F5D-1D38-4887-A21C-9BFD045F839C}.Release|Any CPU.Build.0 = Release|Any CPU
		{625422CD-AA36-4952-891F-BB21039036E7}.Debug|Any CPU.ActiveCfg = Debug|Any CPU
		{625422CD-AA36-4952-891F-BB21039036E7}.Debug|Any CPU.Build.0 = Debug|Any CPU
		{625422CD-AA36-4952-891F-BB21039036E7}.Release|Any CPU.ActiveCfg = Release|Any CPU
		{625422CD-AA36-4952-891F-BB21039036E7}.Release|Any CPU.Build.0 = Release|Any CPU
		{2BDC7EC9-A1B8-4B8C-AE84-ED1E404A6F10}.Debug|Any CPU.ActiveCfg = Debug|Any CPU
		{2BDC7EC9-A1B8-4B8C-AE84-ED1E404A6F10}.Debug|Any CPU.Build.0 = Debug|Any CPU
		{2BDC7EC9-A1B8-4B8C-AE84-ED1E404A6F10}.Release|Any CPU.ActiveCfg = Release|Any CPU
		{2BDC7EC9-A1B8-4B8C-AE84-ED1E404A6F10}.Release|Any CPU.Build.0 = Release|Any CPU
		{6A385A25-34D7-467B-ABB9-B98C86BEAFCD}.Debug|Any CPU.ActiveCfg = Debug|Any CPU
		{6A385A25-34D7-467B-ABB9-B98C86BEAFCD}.Debug|Any CPU.Build.0 = Debug|Any CPU
		{6A385A25-34D7-467B-ABB9-B98C86BEAFCD}.Release|Any CPU.ActiveCfg = Release|Any CPU
		{6A385A25-34D7-467B-ABB9-B98C86BEAFCD}.Release|Any CPU.Build.0 = Release|Any CPU
		{959665C7-E8F9-4184-B77F-FB57CAECE26B}.Debug|Any CPU.ActiveCfg = Debug|Any CPU
		{959665C7-E8F9-4184-B77F-FB57CAECE26B}.Debug|Any CPU.Build.0 = Debug|Any CPU
		{959665C7-E8F9-4184-B77F-FB57CAECE26B}.Release|Any CPU.ActiveCfg = Release|Any CPU
		{959665C7-E8F9-4184-B77F-FB57CAECE26B}.Release|Any CPU.Build.0 = Release|Any CPU
	EndGlobalSection
	GlobalSection(SolutionProperties) = preSolution
		HideSolutionNode = FALSE
	EndGlobalSection
	GlobalSection(ExtensibilityGlobals) = postSolution
		SolutionGuid = {F89F192D-B05D-4953-8BAD-E091CEFEC3BF}
	EndGlobalSection
EndGlobal
